
Microsoft Visual Studio Solution File, Format Version 12.00
# Visual Studio 15
VisualStudioVersion = 15.0.28010.2003
MinimumVisualStudioVersion = 10.0.40219.1
Project("{FAE04EC0-301F-11D3-BF4B-00C04F79EFBC}") = "A2", "A2\A2.csproj", "{DE45A6DD-E9A2-4BFC-B10C-2FD6189A6EA1}"
EndProject
Global
	GlobalSection(SolutionConfigurationPlatforms) = preSolution
		Debug|Any CPU = Debug|Any CPU
		Release|Any CPU = Release|Any CPU
	EndGlobalSection
	GlobalSection(ProjectConfigurationPlatforms) = postSolution
		{DE45A6DD-E9A2-4BFC-B10C-2FD6189A6EA1}.Debug|Any CPU.ActiveCfg = Debug|Any CPU
		{DE45A6DD-E9A2-4BFC-B10C-2FD6189A6EA1}.Debug|Any CPU.Build.0 = Debug|Any CPU
		{DE45A6DD-E9A2-4BFC-B10C-2FD6189A6EA1}.Release|Any CPU.ActiveCfg = Release|Any CPU
		{DE45A6DD-E9A2-4BFC-B10C-2FD6189A6EA1}.Release|Any CPU.Build.0 = Release|Any CPU
	EndGlobalSection
	GlobalSection(SolutionProperties) = preSolution
		HideSolutionNode = FALSE
	EndGlobalSection
	GlobalSection(ExtensibilityGlobals) = postSolution
		SolutionGuid = {216CDF2E-A5C6-49C5-8085-6610A0093296}
	EndGlobalSection
EndGlobal
